// !$*UTF8*$!
{
	archiveVersion = 1;
	classes = {
	};
	objectVersion = 46;
	objects = {

/* Begin PBXBuildFile section */
		BF9A97081BA94A4F008AD0F2 /* main.m in Sources */ = {isa = PBXBuildFile; fileRef = BF9A97071BA94A4F008AD0F2 /* main.m */; };
/* End PBXBuildFile section */

/* Begin PBXCopyFilesBuildPhase section */
		BF9A97021BA94A4F008AD0F2 /* CopyFiles */ = {
			isa = PBXCopyFilesBuildPhase;
			buildActionMask = 2147483647;
			dstPath = /usr/share/man/man1/;
			dstSubfolderSpec = 0;
			files = (
			);
			runOnlyForDeploymentPostprocessing = 1;
		};
/* End PBXCopyFilesBuildPhase section */

/* Begin PBXFileReference section */
		BF9A97041BA94A4F008AD0F2 /* hhhhh */ = {isa = PBXFileReference; explicitFileType = "compiled.mach-o.executable"; includeInIndex = 0; path = hhhhh; sourceTree = BUILT_PRODUCTS_DIR; };
		BF9A97071BA94A4F008AD0F2 /* main.m */ = {isa = PBXFileReference; lastKnownFileType = sourcecode.c.objc; path = main.m; sourceTree = "<group>"; };
/* End PBXFileReference section */

/* Begin PBXFrameworksBuildPhase section */
		BF9A97011BA94A4F008AD0F2 /* Frameworks */ = {
			isa = PBXFrameworksBuildPhase;
			buildActionMask = 2147483647;
			files = (
			);
			runOnlyForDeploymentPostprocessing = 0;
		};
/* End PBXFrameworksBuildPhase section */

/* Begin PBXGroup section */
		BF9A96FB1BA94A4F008AD0F2 = {
			isa = PBXGroup;
			children = (
				BF9A97061BA94A4F008AD0F2 /* hhhhh */,
				BF9A97051BA94A4F008AD0F2 /* Products */,
			);
			sourceTree = "<group>";
		};
		BF9A97051BA94A4F008AD0F2 /* Products */ = {
			isa = PBXGroup;
			children = (
				BF9A97041BA94A4F008AD0F2 /* hhhhh */,
			);
			name = Products;
			sourceTree = "<group>";
		};
		BF9A97061BA94A4F008AD0F2 /* hhhhh */ = {
			isa = PBXGroup;
			children = (
				BF9A97071BA94A4F008AD0F2 /* main.m */,
			);
			path = hhhhh;
			sourceTree = "<group>";
		};
/* End PBXGroup section */

/* Begin PBXNativeTarget section */
		BF9A97031BA94A4F008AD0F2 /* hhhhh */ = {
			isa = PBXNativeTarget;
			buildConfigurationList = BF9A970B1BA94A4F008AD0F2 /* Build configuration list for PBXNativeTarget "hhhhh" */;
			buildPhases = (
				BF9A97001BA94A4F008AD0F2 /* Sources */,
				BF9A97011BA94A4F008AD0F2 /* Frameworks */,
				BF9A97021BA94A4F008AD0F2 /* CopyFiles */,
			);
			buildRules = (
			);
			dependencies = (
			);
			name = hhhhh;
			productName = hhhhh;
			productReference = BF9A97041BA94A4F008AD0F2 /* hhhhh */;
			productType = "com.apple.product-type.tool";
		};
/* End PBXNativeTarget section */

/* Begin PBXProject section */
		BF9A96FC1BA94A4F008AD0F2 /* Project object */ = {
			isa = PBXProject;
			attributes = {
				LastUpgradeCheck = 0640;
				ORGANIZATIONNAME = WangHao;
				TargetAttributes = {
					BF9A97031BA94A4F008AD0F2 = {
						CreatedOnToolsVersion = 6.4;
					};
				};
			};
			buildConfigurationList = BF9A96FF1BA94A4F008AD0F2 /* Build configuration list for PBXProject "hhhhh" */;
			compatibilityVersion = "Xcode 3.2";
			developmentRegion = English;
			hasScannedForEncodings = 0;
			knownRegions = (
				en,
			);
			mainGroup = BF9A96FB1BA94A4F008AD0F2;
			productRefGroup = BF9A97051BA94A4F008AD0F2 /* Products */;
			projectDirPath = "";
			projectRoot = "";
			targets = (
				BF9A97031BA94A4F008AD0F2 /* hhhhh */,
			);
		};
/* End PBXProject section */

/* Begin PBXSourcesBuildPhase section */
		BF9A97001BA94A4F008AD0F2 /* Sources */ = {
			isa = PBXSourcesBuildPhase;
			buildActionMask = 2147483647;
			files = (
				BF9A97081BA94A4F008AD0F2 /* main.m in Sources */,
			);
			runOnlyForDeploymentPostprocessing = 0;
		};
/* End PBXSourcesBuildPhase section */

/* Begin XCBuildConfiguration section */
		BF9A97091BA94A4F008AD0F2 /* Debug */ = {
			isa = XCBuildConfiguration;
			buildSettings = {
				ALWAYS_SEARCH_USER_PATHS = NO;
				CLANG_CXX_LANGUAGE_STANDARD = "gnu++0x";
				CLANG_CXX_LIBRARY = "libc++";
				CLANG_ENABLE_MODULES = YES;
				CLANG_ENABLE_OBJC_ARC = YES;
				CLANG_WARN_BOOL_CONVERSION = YES;
				CLANG_WARN_CONSTANT_CONVERSION = YES;
				CLANG_WARN_DIRECT_OBJC_ISA_USAGE = YES_ERROR;
				CLANG_WARN_EMPTY_BODY = YES;
				CLANG_WARN_ENUM_CONVERSION = YES;
				CLANG_WARN_INT_CONVERSION = YES;
				CLANG_WARN_OBJC_ROOT_CLASS = YES_ERROR;
				CLANG_WARN_UNREACHABLE_CODE = YES;
				CLANG_WARN__DUPLICATE_METHOD_MATCH = YES;
				COPY_PHASE_STRIP = NO;
				DEBUG_INFORMATION_FORMAT = dwarf;
				ENABLE_STRICT_OBJC_MSGSEND = YES;
				GCC_C_LANGUAGE_STANDARD = gnu99;
				GCC_DYNAMIC_NO_PIC = NO;
				GCC_NO_COMMON_BLOCKS = YES;
				GCC_OPTIMIZATION_LEVEL = 0;
				GCC_PREPROCESSOR_DEFINITIONS = (
					"DEBUG=1",
					"$(inherited)",
				);
				GCC_SYMBOLS_PRIVATE_EXTERN = NO;
				GCC_WARN_64_TO_32_BIT_CONVERSION = YES;
				GCC_WARN_ABOUT_RETURN_TYPE = YES_ERROR;
				GCC_WARN_UNDECLARED_SELECTOR = YES;
				GCC_WARN_UNINITIALIZED_AUTOS = YES_AGGRESSIVE;
				GCC_WARN_UNUSED_FUNCTION = YES;
				GCC_WARN_UNUSED_VARIABLE = YES;
				MACOSX_DEPLOYMENT_TARGET = 10.10;
				MTL_ENABLE_DEBUG_INFO = YES;
				ONLY_ACTIVE_ARCH = YES;
				SDKROOT = macosx;
			};
			name = Debug;
		};
		BF9A970A1BA94A4F008AD0F2 /* Release */ = {
			isa = XCBuildConfiguration;
			buildSettings = {
				ALWAYS_SEARCH_USER_PATHS = NO;
				CLANG_CXX_LANGUAGE_STANDARD = "gnu++0x";
				CLANG_CXX_LIBRARY = "libc++";
				CLANG_ENABLE_MODULES = YES;
				CLANG_ENABLE_OBJC_ARC = YES;
				CLANG_WARN_BOOL_CONVERSION = YES;
				CLANG_WARN_CONSTANT_CONVERSION = YES;
				CLANG_WARN_DIRECT_OBJC_ISA_USAGE = YES_ERROR;
				CLANG_WARN_EMPTY_BODY = YES;
				CLANG_WARN_ENUM_CONVERSION = YES;
				CLANG_WARN_INT_CONVERSION = YES;
				CLANG_WARN_OBJC_ROOT_CLASS = YES_ERROR;
				CLANG_WARN_UNREACHABLE_CODE = YES;
				CLANG_WARN__DUPLICATE_METHOD_MATCH = YES;
				COPY_PHASE_STRIP = NO;
				DEBUG_INFORMATION_FORMAT = "dwarf-with-dsym";
				ENABLE_NS_ASSERTIONS = NO;
				ENABLE_STRICT_OBJC_MSGSEND = YES;
				GCC_C_LANGUAGE_STANDARD = gnu99;
				GCC_NO_COMMON_BLOCKS = YES;
				GCC_WARN_64_TO_32_BIT_CONVERSION = YES;
				GCC_WARN_ABOUT_RETURN_TYPE = YES_ERROR;
				GCC_WARN_UNDECLARED_SELECTOR = YES;
				GCC_WARN_UNINITIALIZED_AUTOS = YES_AGGRESSIVE;
				GCC_WARN_UNUSED_FUNCTION = YES;
				GCC_WARN_UNUSED_VARIABLE = YES;
				MACOSX_DEPLOYMENT_TARGET = 10.10;
				MTL_ENABLE_DEBUG_INFO = NO;
				SDKROOT = macosx;
			};
			name = Release;
		};
		BF9A970C1BA94A4F008AD0F2 /* Debug */ = {
			isa = XCBuildConfiguration;
			buildSettings = {
				PRODUCT_NAME = "$(TARGET_NAME)";
			};
			name = Debug;
		};
		BF9A970D1BA94A4F008AD0F2 /* Release */ = {
			isa = XCBuildConfiguration;
			buildSettings = {
				PRODUCT_NAME = "$(TARGET_NAME)";
			};
			name = Release;
		};
/* End XCBuildConfiguration section */

/* Begin XCConfigurationList section */
		BF9A96FF1BA94A4F008AD0F2 /* Build configuration list for PBXProject "hhhhh" */ = {
			isa = XCConfigurationList;
			buildConfigurations = (
				BF9A97091BA94A4F008AD0F2 /* Debug */,
				BF9A970A1BA94A4F008AD0F2 /* Release */,
			);
			defaultConfigurationIsVisible = 0;
			defaultConfigurationName = Release;
		};
		BF9A970B1BA94A4F008AD0F2 /* Build configuration list for PBXNativeTarget "hhhhh" */ = {
			isa = XCConfigurationList;
			buildConfigurations = (
				BF9A970C1BA94A4F008AD0F2 /* Debug */,
				BF9A970D1BA94A4F008AD0F2 /* Release */,
			);
			defaultConfigurationIsVisible = 0;
		};
/* End XCConfigurationList section */
	};
	rootObject = BF9A96FC1BA94A4F008AD0F2 /* Project object */;
}
